<?xml version="1.0" encoding="utf-8"?>
<Project ToolsVersion="4.0" xmlns="http://schemas.microsoft.com/developer/msbuild/2003">
  <ItemGroup>
    <Filter Include="Source Files">
      <UniqueIdentifier>{4FC737F1-C7A5-4376-A066-2A32D752A2FF}</UniqueIdentifier>
      <Extensions>cpp;c;cc;cxx;def;odl;idl;hpj;bat;asm;asmx</Extensions>
    </Filter>
    <Filter Include="Header Files">
      <UniqueIdentifier>{93995380-89BD-4b04-88EB-625FBE52EBFB}</UniqueIdentifier>
      <Extensions>h;hh;hpp;hxx;hm;inl;inc;xsd</Extensions>
    </Filter>
    <Filter Include="Resource Files">
      <UniqueIdentifier>{67DA6AB6-F800-4c08-8B7A-83BB121AAD01}</UniqueIdentifier>
      <Extensions>rc;ico;cur;bmp;dlg;rc2;rct;bin;rgs;gif;jpg;jpeg;jpe;resx;tiff;tif;png;wav;mfcribbon-ms</Extensions>
    </Filter>
  </ItemGroup>
  <ItemGroup>
    <ClCompile Include="sources\main.cpp">
      <Filter>Source Files</Filter>
    </ClCompile>
    <ClCompile Include="sources\scenes\Menu.cpp">
      <Filter>Source Files</Filter>
    </ClCompile>
    <ClCompile Include="sources\scenes\Game.cpp">
      <Filter>Source Files</Filter>
    </ClCompile>
    <ClCompile Include="sources\framework\Application.cpp">
      <Filter>Source Files</Filter>
    </ClCompile>
    <ClCompile Include="sources\framework\Component.cpp">
      <Filter>Source Files</Filter>
    </ClCompile>
    <ClCompile Include="sources\framework\GameObject.cpp">
      <Filter>Source Files</Filter>
    </ClCompile>
    <ClCompile Include="sources\framework\SceneManager.cpp">
      <Filter>Source Files</Filter>
    </ClCompile>
    <ClCompile Include="sources\framework\State.cpp">
      <Filter>Source Files</Filter>
    </ClCompile>
    <ClCompile Include="sources\framework\Scene.cpp">
      <Filter>Source Files</Filter>
    </ClCompile>
    <ClCompile Include="sources\gameobjects\Camera.cpp">
      <Filter>Source Files</Filter>
    </ClCompile>
    <ClCompile Include="sources\components\Transform.cpp">
      <Filter>Source Files</Filter>
    </ClCompile>
    <ClCompile Include="sources\gameobjects\Enemy.cpp">
      <Filter>Source Files</Filter>
    </ClCompile>
    <ClCompile Include="sources\gameobjects\Player.cpp">
      <Filter>Source Files</Filter>
    </ClCompile>
    <ClCompile Include="sources\gameobjects\Ground.cpp">
      <Filter>Source Files</Filter>
    </ClCompile>
    <ClCompile Include="sources\components\CharacterPhysics.cpp">
      <Filter>Source Files</Filter>
    </ClCompile>
    <ClCompile Include="sources\util\Math.cpp">
      <Filter>Source Files</Filter>
    </ClCompile>
    <ClCompile Include="sources\gameobjects\GameText.cpp">
      <Filter>Source Files</Filter>
    </ClCompile>
    <ClCompile Include="sources\components\CameraSettings.cpp">
      <Filter>Source Files</Filter>
    </ClCompile>
    <ClCompile Include="sources\gameobjects\OuterWalls.cpp">
      <Filter>Source Files</Filter>
    </ClCompile>
  </ItemGroup>
  <ItemGroup>
    <ClInclude Include="headers\framework\Application.h">
      <Filter>Header Files</Filter>
    </ClInclude>
    <ClInclude Include="headers\framework\Component.h">
      <Filter>Header Files</Filter>
    </ClInclude>
    <ClInclude Include="headers\framework\GameObject.h">
      <Filter>Header Files</Filter>
    </ClInclude>
    <ClInclude Include="headers\framework\SceneManager.h">
      <Filter>Header Files</Filter>
    </ClInclude>
    <ClInclude Include="headers\framework\State.h">
      <Filter>Header Files</Filter>
    </ClInclude>
    <ClInclude Include="headers\scenes\Menu.h">
      <Filter>Header Files</Filter>
    </ClInclude>
    <ClInclude Include="headers\scenes\Game.h">
      <Filter>Header Files</Filter>
    </ClInclude>
    <ClInclude Include="headers\framework\Scene.h">
      <Filter>Header Files</Filter>
    </ClInclude>
    <ClInclude Include="headers\gameobjects\Camera.h">
      <Filter>Header Files</Filter>
    </ClInclude>
    <ClInclude Include="headers\components\Transform.h">
      <Filter>Header Files</Filter>
    </ClInclude>
    <ClInclude Include="headers\gameobjects\Enemy.h">
      <Filter>Header Files</Filter>
    </ClInclude>
    <ClInclude Include="headers\gameobjects\Player.h">
      <Filter>Header Files</Filter>
    </ClInclude>
    <ClInclude Include="headers\gameobjects\Ground.h">
      <Filter>Header Files</Filter>
    </ClInclude>
    <ClInclude Include="headers\framework\Inputs.h">
      <Filter>Header Files</Filter>
    </ClInclude>
    <ClInclude Include="headers\components\CharacterPhysics.h">
      <Filter>Header Files</Filter>
    </ClInclude>
    <ClInclude Include="headers\util\Math.h">
      <Filter>Header Files</Filter>
    </ClInclude>
    <ClInclude Include="headers\gameobjects\GameText.h">
      <Filter>Header Files</Filter>
    </ClInclude>
    <ClInclude Include="headers\components\CameraSettings.h">
      <Filter>Header Files</Filter>
    </ClInclude>
    <ClInclude Include="headers\gameobjects\OuterWalls.h">
      <Filter>Header Files</Filter>
    </ClInclude>
  </ItemGroup>
</Project>