<?xml version="1.0" encoding="utf-8"?>
<Project ToolsVersion="4.0" xmlns="http://schemas.microsoft.com/developer/msbuild/2003">
  <ItemGroup>
    <Filter Include="Source Files">
      <UniqueIdentifier>{4FC737F1-C7A5-4376-A066-2A32D752A2FF}</UniqueIdentifier>
      <Extensions>cpp;c;cc;cxx;def;odl;idl;hpj;bat;asm;asmx</Extensions>
    </Filter>
    <Filter Include="Header Files">
      <UniqueIdentifier>{93995380-89BD-4b04-88EB-625FBE52EBFB}</UniqueIdentifier>
      <Extensions>h;hh;hpp;hxx;hm;inl;inc;xsd</Extensions>
    </Filter>
    <Filter Include="Resource Files">
      <UniqueIdentifier>{67DA6AB6-F800-4c08-8B7A-83BB121AAD01}</UniqueIdentifier>
      <Extensions>rc;ico;cur;bmp;dlg;rc2;rct;bin;rgs;gif;jpg;jpeg;jpe;resx;tiff;tif;png;wav;mfcribbon-ms</Extensions>
    </Filter>
  </ItemGroup>
  <ItemGroup>
    <ClCompile Include="sources\main.cpp">
      <Filter>Source Files</Filter>
    </ClCompile>
    <ClCompile Include="sources\scenes\Menu.cpp">
      <Filter>Source Files</Filter>
    </ClCompile>
    <ClCompile Include="sources\scenes\Game.cpp">
      <Filter>Source Files</Filter>
    </ClCompile>
    <ClCompile Include="sources\framework\Application.cpp">
      <Filter>Source Files</Filter>
    </ClCompile>
    <ClCompile Include="sources\framework\Component.cpp">
      <Filter>Source Files</Filter>
    </ClCompile>
    <ClCompile Include="sources\framework\GameObject.cpp">
      <Filter>Source Files</Filter>
    </ClCompile>
    <ClCompile Include="sources\framework\SceneManager.cpp">
      <Filter>Source Files</Filter>
    </ClCompile>
    <ClCompile Include="sources\framework\State.cpp">
      <Filter>Source Files</Filter>
    </ClCompile>
    <ClCompile Include="sources\framework\Scene.cpp">
      <Filter>Source Files</Filter>
    </ClCompile>
    <ClCompile Include="sources\gameobjects\Camera.cpp">
      <Filter>Source Files</Filter>
    </ClCompile>
    <ClCompile Include="sources\components\Transform.cpp">
      <Filter>Source Files</Filter>
    </ClCompile>
    <ClCompile Include="sources\gameobjects\Enemy.cpp">
      <Filter>Source Files</Filter>
    </ClCompile>
    <ClCompile Include="sources\gameobjects\Player.cpp">
      <Filter>Source Files</Filter>
    </ClCompile>
    <ClCompile Include="sources\gameobjects\Ground.cpp">
      <Filter>Source Files</Filter>
    </ClCompile>
    <ClCompile Include="sources\components\CharacterPhysics.cpp">
      <Filter>Source Files</Filter>
    </ClCompile>
    <ClCompile Include="sources\util\Math.cpp">
      <Filter>Source Files</Filter>
    </ClCompile>
    <ClCompile Include="sources\gameobjects\GameText.cpp">
      <Filter>Source Files</Filter>
    </ClCompile>
    <ClCompile Include="sources\components\CameraSettings.cpp">
      <Filter>Source Files</Filter>
    </ClCompile>
    <ClCompile Include="sources\gameobjects\OuterWalls.cpp">
      <Filter>Source Files</Filter>
    </ClCompile>
    <ClCompile Include="sources\gameobjects\Door.cpp">
      <Filter>Source Files</Filter>
    </ClCompile>
    <ClCompile Include="sources\gameobjects\Tower.cpp">
      <Filter>Source Files</Filter>
    </ClCompile>
    <ClCompile Include="sources\gameobjects\LifeBar.cpp">
      <Filter>Source Files</Filter>
    </ClCompile>
    <ClCompile Include="sources\components\Life.cpp">
      <Filter>Source Files</Filter>
    </ClCompile>
    <ClCompile Include="sources\gameobjects\MenuBar.cpp">
      <Filter>Source Files</Filter>
    </ClCompile>
    <ClCompile Include="sources\components\Collider.cpp">
      <Filter>Source Files</Filter>
    </ClCompile>
    <ClCompile Include="sources\gameobjects\Wall.cpp">
      <Filter>Source Files</Filter>
    </ClCompile>
    <ClCompile Include="sources\util\Illumination.cpp">
      <Filter>Source Files</Filter>
    </ClCompile>
    <ClCompile Include="sources\jpegloader\readjpeg.c">
      <Filter>Source Files</Filter>
    </ClCompile>
    <ClCompile Include="sources\framework\Textures.cpp">
      <Filter>Source Files</Filter>
    </ClCompile>
    <ClCompile Include="sources\framework\Level.cpp">
      <Filter>Source Files</Filter>
    </ClCompile>
    <ClCompile Include="sources\framework\Wave.cpp">
      <Filter>Source Files</Filter>
    </ClCompile>
    <ClCompile Include="sources\levels\Level01.cpp">
      <Filter>Source Files</Filter>
    </ClCompile>
    <ClCompile Include="sources\gameobjects\Plane.cpp">
      <Filter>Source Files</Filter>
    </ClCompile>
    <ClCompile Include="sources\objloader\glm.cpp">
      <Filter>Source Files</Filter>
    </ClCompile>
    <ClCompile Include="sources\objloader\glmimg.cpp">
      <Filter>Source Files</Filter>
    </ClCompile>
    <ClCompile Include="sources\objloader\texture.cpp">
      <Filter>Source Files</Filter>
    </ClCompile>
    <ClCompile Include="sources\components\TargetPath.cpp">
      <Filter>Source Files</Filter>
    </ClCompile>
    <ClCompile Include="sources\mdlloader\MdlLoader.cpp">
      <Filter>Source Files</Filter>
    </ClCompile>
    <ClCompile Include="sources\mdlloader\studio_render.cpp">
      <Filter>Source Files</Filter>
    </ClCompile>
    <ClCompile Include="sources\mdlloader\studio_utils.cpp">
      <Filter>Source Files</Filter>
    </ClCompile>
    <ClCompile Include="sources\mdlloader\mathlib.cpp">
      <Filter>Source Files</Filter>
    </ClCompile>
    <ClCompile Include="sources\components\MDLModel.cpp">
      <Filter>Source Files</Filter>
    </ClCompile>
    <ClCompile Include="sources\gameobjects\Bullet.cpp">
      <Filter>Source Files</Filter>
    </ClCompile>
    <ClCompile Include="sources\gameobjects\MapObject.cpp">
      <Filter>Source Files</Filter>
    </ClCompile>
    <ClCompile Include="sources\gameobjects\ShootingController.cpp">
      <Filter>Source Files</Filter>
    </ClCompile>
    <ClCompile Include="sources\util\Drawer.cpp">
      <Filter>Source Files</Filter>
    </ClCompile>
    <ClCompile Include="sources\gameobjects\TextBox.cpp">
      <Filter>Source Files</Filter>
    </ClCompile>
    <ClCompile Include="sources\gameobjects\Boss.cpp">
      <Filter>Source Files</Filter>
    </ClCompile>
    <ClCompile Include="sources\gameobjects\SkyBox.cpp">
      <Filter>Source Files</Filter>
    </ClCompile>
  </ItemGroup>
  <ItemGroup>
    <ClInclude Include="headers\framework\Application.h">
      <Filter>Header Files</Filter>
    </ClInclude>
    <ClInclude Include="headers\framework\Component.h">
      <Filter>Header Files</Filter>
    </ClInclude>
    <ClInclude Include="headers\framework\GameObject.h">
      <Filter>Header Files</Filter>
    </ClInclude>
    <ClInclude Include="headers\framework\SceneManager.h">
      <Filter>Header Files</Filter>
    </ClInclude>
    <ClInclude Include="headers\framework\State.h">
      <Filter>Header Files</Filter>
    </ClInclude>
    <ClInclude Include="headers\scenes\Menu.h">
      <Filter>Header Files</Filter>
    </ClInclude>
    <ClInclude Include="headers\scenes\Game.h">
      <Filter>Header Files</Filter>
    </ClInclude>
    <ClInclude Include="headers\framework\Scene.h">
      <Filter>Header Files</Filter>
    </ClInclude>
    <ClInclude Include="headers\gameobjects\Camera.h">
      <Filter>Header Files</Filter>
    </ClInclude>
    <ClInclude Include="headers\components\Transform.h">
      <Filter>Header Files</Filter>
    </ClInclude>
    <ClInclude Include="headers\gameobjects\Enemy.h">
      <Filter>Header Files</Filter>
    </ClInclude>
    <ClInclude Include="headers\gameobjects\Player.h">
      <Filter>Header Files</Filter>
    </ClInclude>
    <ClInclude Include="headers\gameobjects\Ground.h">
      <Filter>Header Files</Filter>
    </ClInclude>
    <ClInclude Include="headers\framework\Inputs.h">
      <Filter>Header Files</Filter>
    </ClInclude>
    <ClInclude Include="headers\components\CharacterPhysics.h">
      <Filter>Header Files</Filter>
    </ClInclude>
    <ClInclude Include="headers\util\Math.h">
      <Filter>Header Files</Filter>
    </ClInclude>
    <ClInclude Include="headers\gameobjects\GameText.h">
      <Filter>Header Files</Filter>
    </ClInclude>
    <ClInclude Include="headers\components\CameraSettings.h">
      <Filter>Header Files</Filter>
    </ClInclude>
    <ClInclude Include="headers\gameobjects\OuterWalls.h">
      <Filter>Header Files</Filter>
    </ClInclude>
    <ClInclude Include="headers\gameobjects\Door.h">
      <Filter>Header Files</Filter>
    </ClInclude>
    <ClInclude Include="headers\gameobjects\Tower.h">
      <Filter>Header Files</Filter>
    </ClInclude>
    <ClInclude Include="headers\gameobjects\LifeBar.h">
      <Filter>Header Files</Filter>
    </ClInclude>
    <ClInclude Include="headers\components\Life.h">
      <Filter>Header Files</Filter>
    </ClInclude>
    <ClInclude Include="headers\gameobjects\MenuBar.h">
      <Filter>Header Files</Filter>
    </ClInclude>
    <ClInclude Include="headers\components\Collider.h">
      <Filter>Header Files</Filter>
    </ClInclude>
    <ClInclude Include="headers\gameobjects\Wall.h">
      <Filter>Header Files</Filter>
    </ClInclude>
    <ClInclude Include="headers\util\Illumination.h">
      <Filter>Header Files</Filter>
    </ClInclude>
    <ClInclude Include="headers\jpegloader\jconfig.h">
      <Filter>Header Files</Filter>
    </ClInclude>
    <ClInclude Include="headers\jpegloader\jmorecfg.h">
      <Filter>Header Files</Filter>
    </ClInclude>
    <ClInclude Include="headers\jpegloader\jpeglib.h">
      <Filter>Header Files</Filter>
    </ClInclude>
    <ClInclude Include="headers\framework\Textures.h">
      <Filter>Header Files</Filter>
    </ClInclude>
    <ClInclude Include="headers\framework\Level.h">
      <Filter>Header Files</Filter>
    </ClInclude>
    <ClInclude Include="headers\framework\Wave.h">
      <Filter>Header Files</Filter>
    </ClInclude>
    <ClInclude Include="headers\framework\Drawable.h">
      <Filter>Header Files</Filter>
    </ClInclude>
    <ClInclude Include="headers\levels\Level01.h">
      <Filter>Header Files</Filter>
    </ClInclude>
    <ClInclude Include="headers\gameobjects\Plane.h">
      <Filter>Header Files</Filter>
    </ClInclude>
    <ClInclude Include="headers\objloader\glm.h">
      <Filter>Header Files</Filter>
    </ClInclude>
    <ClInclude Include="headers\objloader\texture.h">
      <Filter>Header Files</Filter>
    </ClInclude>
    <ClInclude Include="headers\components\TargetPath.h">
      <Filter>Header Files</Filter>
    </ClInclude>
    <ClInclude Include="headers\mdlloader\MdlLoader.h">
      <Filter>Header Files</Filter>
    </ClInclude>
    <ClInclude Include="headers\mdlloader\mathlib.h">
      <Filter>Header Files</Filter>
    </ClInclude>
    <ClInclude Include="headers\mdlloader\studio.h">
      <Filter>Header Files</Filter>
    </ClInclude>
    <ClInclude Include="headers\components\MDLModel.h">
      <Filter>Header Files</Filter>
    </ClInclude>
    <ClInclude Include="headers\gameobjects\Bullet.h">
      <Filter>Header Files</Filter>
    </ClInclude>
    <ClInclude Include="headers\gameobjects\MapObject.h">
      <Filter>Header Files</Filter>
    </ClInclude>
    <ClInclude Include="headers\gameobjects\ShootingController.h">
      <Filter>Header Files</Filter>
    </ClInclude>
    <ClInclude Include="headers\framework\Debugger.h">
      <Filter>Header Files</Filter>
    </ClInclude>
    <ClInclude Include="headers\util\Drawer.h">
      <Filter>Header Files</Filter>
    </ClInclude>
    <ClInclude Include="headers\gameobjects\TextBox.h">
      <Filter>Header Files</Filter>
    </ClInclude>
    <ClInclude Include="headers\gameobjects\Boss.h">
      <Filter>Header Files</Filter>
    </ClInclude>
    <ClInclude Include="headers\gameobjects\SkyBox.h">
      <Filter>Header Files</Filter>
    </ClInclude>
  </ItemGroup>
  <ItemGroup>
    <Image Include="resources\metal_plate.jpg">
      <Filter>Resource Files</Filter>
    </Image>
    <Image Include="resources\rock_floor.jpg">
      <Filter>Resource Files</Filter>
    </Image>
    <Image Include="resources\snow.jpg">
      <Filter>Resource Files</Filter>
    </Image>
    <Image Include="resources\snow_ice.png">
      <Filter>Resource Files</Filter>
    </Image>
    <Image Include="resources\snow_ice.jpg">
      <Filter>Resource Files</Filter>
    </Image>
    <Image Include="resources\vinil.jpg">
      <Filter>Resource Files</Filter>
    </Image>
    <Image Include="resources\vinil2.jpg">
      <Filter>Resource Files</Filter>
    </Image>
    <Image Include="resources\skybox\back.jpg">
      <Filter>Resource Files</Filter>
    </Image>
    <Image Include="resources\skybox\down.jpg">
      <Filter>Resource Files</Filter>
    </Image>
    <Image Include="resources\skybox\front.jpg">
      <Filter>Resource Files</Filter>
    </Image>
    <Image Include="resources\skybox\left.jpg">
      <Filter>Resource Files</Filter>
    </Image>
    <Image Include="resources\skybox\right.jpg">
      <Filter>Resource Files</Filter>
    </Image>
    <Image Include="resources\skybox\up.jpg">
      <Filter>Resource Files</Filter>
    </Image>
  </ItemGroup>
</Project>